<?xml version="1.0" encoding="UTF-8"?>
<Scheme
   LastUpgradeVersion = "2640"
   version = "1.7">
   <BuildAction
      parallelizeBuildables = "YES"
      buildImplicitDependencies = "YES"
      buildArchitectures = "Automatic">
      <BuildActionEntries>
         <BuildActionEntry
            buildForTesting = "YES"
            buildForRunning = "YES"
            buildForProfiling = "YES"
            buildForArchiving = "YES"
            buildForAnalyzing = "YES">
            <BuildableReference
               BuildableIdentifier = "primary"
               BlueprintIdentifier = "379399512FA3CB5A00246506"
               BuildableName = "Corkwise.app"
               BlueprintName = "CorkWise"
               ReferencedContainer = "container:CorkWise.xcodeproj">
            </BuildableReference>
         </BuildActionEntry>
      </BuildActionEntries>
   </BuildAction>
   <TestAction
      buildConfiguration = "Debug"
      selectedDebuggerIdentifier = "Xcode.DebuggerFoundation.Debugger.LLDB"
      selectedLauncherIdentifier = "Xcode.DebuggerFoundation.Launcher.LLDB"
      shouldUseLaunchSchemeArgsEnv = "YES"
      shouldAutocreateTestPlan = "YES">
   </TestAction>
   <LaunchAction
      buildConfiguration = "Debug"
      selectedDebuggerIdentifier = "Xcode.DebuggerFoundation.Debugger.LLDB"
      selectedLauncherIdentifier = "Xcode.DebuggerFoundation.Launcher.LLDB"
      launchStyle = "0"
      useCustomWorkingDirectory = "NO"
      ignoresPersistentStateOnLaunch = "NO"
      debugDocumentVersioning = "YES"
      debugServiceExtension = "internal"
      allowLocationSimulation = "YES"
      queueDebuggingEnableBacktraceRecording = "Yes">
      <BuildableProductRunnable
         runnableDebuggingMode = "0">
         <BuildableReference
            BuildableIdentifier = "primary"
            BlueprintIdentifier = "379399512FA3CB5A00246506"
            BuildableName = "Corkwise.app"
            BlueprintName = "CorkWise"
            ReferencedContainer = "container:CorkWise.xcodeproj">
         </BuildableReference>
      </BuildableProductRunnable>
      <EnvironmentVariables>
         <EnvironmentVariable
            key = "CORKWISE&#x200b;_&#x200b;USE&#x200b;_&#x200b;LOCAL&#x200b;_&#x200b;SUPABASE"
            value = "0"
            isEnabled = "YES">
         </EnvironmentVariable>
         <EnvironmentVariable
            key = "CORKWISE&#x200b;_&#x200b;SUPABASE&#x200b;_&#x200b;BASE&#x200b;_&#x200b;URL&#x200b;_&#x200b;OVERRIDE"
            value = "http://127&#x200b;.0&#x200b;.0&#x200b;.1&#x200b;:54321"
            isEnabled = "NO">
         </EnvironmentVariable>
         <EnvironmentVariable
            key = "CORKWISE_SUPABASE_API_KEY_OVERRIDE"
            value = "sb_publishable_ACJWlzQHlZjBrEguHvfOxg_3BJgxAaH"
            isEnabled = "NO">
         </EnvironmentVariable>
         <EnvironmentVariable
            key = "CORKWISE_DEMO_RECORDING"
            value = "1"
            isEnabled = "YES">
         </EnvironmentVariable>
      </EnvironmentVariables>
   </LaunchAction>
   <ProfileAction
      buildConfiguration = "Release"
      shouldUseLaunchSchemeArgsEnv = "YES"
      savedToolIdentifier = ""
      useCustomWorkingDirectory = "NO"
      debugDocumentVersioning = "YES">
      <BuildableProductRunnable
         runnableDebuggingMode = "0">
         <BuildableReference
            BuildableIdentifier = "primary"
            BlueprintIdentifier = "379399512FA3CB5A00246506"
            BuildableName = "Corkwise.app"
            BlueprintName = "CorkWise"
            ReferencedContainer = "container:CorkWise.xcodeproj">
         </BuildableReference>
      </BuildableProductRunnable>
   </ProfileAction>
   <AnalyzeAction
      buildConfiguration = "Debug">
   </AnalyzeAction>
   <ArchiveAction
      buildConfiguration = "Release"
      revealArchiveInOrganizer = "YES">
   </ArchiveAction>
</Scheme>
