// !$*UTF8*$!
{
	archiveVersion = 1;
	classes = {
	};
	objectVersion = 77;
	objects = {

/* Begin PBXBuildFile section */
		375DE4FF2FA675A7008D4574 /* winebottle1.svg in Resources */ = {isa = PBXBuildFile; fileRef = 375DE4FE2FA675A7008D4574 /* winebottle1.svg */; };
		375DE5232FA68901008D4574 /* CorkWise-Info.plist in Resources */ = {isa = PBXBuildFile; fileRef = 379399DE2FA3D27500246506 /* CorkWise-Info.plist */; };
		375DE5ED2FA97D83008D4574 /* Adapty in Frameworks */ = {isa = PBXBuildFile; productRef = 375DE5EC2FA97D83008D4574 /* Adapty */; };
		375DE5EF2FAB9D92008D4574 /* Launch Screen.storyboard in Resources */ = {isa = PBXBuildFile; fileRef = 375DE5EE2FAB9D92008D4574 /* Launch Screen.storyboard */; };
		379399B62FA3CC7400246506 /* PLAN.md in Resources */ = {isa = PBXBuildFile; fileRef = 379399AA2FA3CC7400246506 /* PLAN.md */; };
		379399B72FA3CC7400246506 /* README.md in Resources */ = {isa = PBXBuildFile; fileRef = 379399AC2FA3CC7400246506 /* README.md */; };
		379399B82FA3CC7400246506 /* ScanFailureView.swift in Sources */ = {isa = PBXBuildFile; fileRef = 379399B22FA3CC7400246506 /* ScanFailureView.swift */; };
		379399B92FA3CC7400246506 /* OnboardingView.swift in Sources */ = {isa = PBXBuildFile; fileRef = 379399A62FA3CC7400246506 /* OnboardingView.swift */; };
		379399BA2FA3CC7400246506 /* SelectedPhoto.swift in Sources */ = {isa = PBXBuildFile; fileRef = 379399B42FA3CC7400246506 /* SelectedPhoto.swift */; };
		379399BB2FA3CC7400246506 /* OnboardingViewModel.swift in Sources */ = {isa = PBXBuildFile; fileRef = 379399A72FA3CC7400246506 /* OnboardingViewModel.swift */; };
		379399BC2FA3CC7400246506 /* ResultsView.swift in Sources */ = {isa = PBXBuildFile; fileRef = 379399B02FA3CC7400246506 /* ResultsView.swift */; };
		379399BD2FA3CC7400246506 /* PaywallView.swift in Sources */ = {isa = PBXBuildFile; fileRef = 379399A92FA3CC7400246506 /* PaywallView.swift */; };
		379399BE2FA3CC7400246506 /* MainView.swift in Sources */ = {isa = PBXBuildFile; fileRef = 379399A22FA3CC7400246506 /* MainView.swift */; };
		379399BF2FA3CC7400246506 /* PurchaseMode.swift in Sources */ = {isa = PBXBuildFile; fileRef = 379399AB2FA3CC7400246506 /* PurchaseMode.swift */; };
		379399C02FA3CC7400246506 /* ScanLoadingView.swift in Sources */ = {isa = PBXBuildFile; fileRef = 379399B32FA3CC7400246506 /* ScanLoadingView.swift */; };
		379399C12FA3CC7400246506 /* RecommendationCardView.swift in Sources */ = {isa = PBXBuildFile; fileRef = 379399AE2FA3CC7400246506 /* RecommendationCardView.swift */; };
		379399C22FA3CC7400246506 /* MainViewModel.swift in Sources */ = {isa = PBXBuildFile; fileRef = 379399A32FA3CC7400246506 /* MainViewModel.swift */; };
		379399C32FA3CC7400246506 /* RecentScansView.swift in Sources */ = {isa = PBXBuildFile; fileRef = 379399AD2FA3CC7400246506 /* RecentScansView.swift */; };
		379399C82FA3CC9800246506 /* WineScanResult.swift in Sources */ = {isa = PBXBuildFile; fileRef = 379399C72FA3CC9800246506 /* WineScanResult.swift */; };
		379399C92FA3CC9800246506 /* UserWinePreferences.swift in Sources */ = {isa = PBXBuildFile; fileRef = 379399C42FA3CC9800246506 /* UserWinePreferences.swift */; };
		379399CA2FA3CC9800246506 /* WineAnalysisService.swift in Sources */ = {isa = PBXBuildFile; fileRef = 379399C52FA3CC9800246506 /* WineAnalysisService.swift */; };
		379399CB2FA3CC9800246506 /* WineScan.swift in Sources */ = {isa = PBXBuildFile; fileRef = 379399C62FA3CC9800246506 /* WineScan.swift */; };
		379399D02FA3CD3F00246506 /* AppRoute.swift in Sources */ = {isa = PBXBuildFile; fileRef = 379399CD2FA3CD3F00246506 /* AppRoute.swift */; };
		379399D12FA3CD3F00246506 /* AppConfiguration.swift in Sources */ = {isa = PBXBuildFile; fileRef = 379399CC2FA3CD3F00246506 /* AppConfiguration.swift */; };
		379399D22FA3CD3F00246506 /* AppState.swift in Sources */ = {isa = PBXBuildFile; fileRef = 379399CF2FA3CD3F00246506 /* AppState.swift */; };
		379399D32FA3CD3F00246506 /* AppRouter.swift in Sources */ = {isa = PBXBuildFile; fileRef = 379399CE2FA3CD3F00246506 /* AppRouter.swift */; };
		379399DD2FA3CF1E00246506 /* Assets.xcassets in Resources */ = {isa = PBXBuildFile; fileRef = 379399DC2FA3CF1E00246506 /* Assets.xcassets */; };
		379399E02FA3D9AE00246506 /* Color+Theme.swift in Sources */ = {isa = PBXBuildFile; fileRef = 379399DF2FA3D9AE00246506 /* Color+Theme.swift */; };
		379399E22FA4EFFE00246506 /* AllScansView.swift in Sources */ = {isa = PBXBuildFile; fileRef = 379399E12FA4EFFE00246506 /* AllScansView.swift */; };
		379399E42FA4F01300246506 /* PreferencesView.swift in Sources */ = {isa = PBXBuildFile; fileRef = 379399E32FA4F01300246506 /* PreferencesView.swift */; };
		37939A002FA3F10000246506 /* CorkWiseApp.swift in Sources */ = {isa = PBXBuildFile; fileRef = 379399F92FA3F10000246506 /* CorkWiseApp.swift */; };
		37939A012FA3F10000246506 /* EntitlementManager.swift in Sources */ = {isa = PBXBuildFile; fileRef = 379399FA2FA3F10000246506 /* EntitlementManager.swift */; };
		37939A022FA3F10000246506 /* ImagePreparationService.swift in Sources */ = {isa = PBXBuildFile; fileRef = 379399FB2FA3F10000246506 /* ImagePreparationService.swift */; };
		37939A032FA3F10000246506 /* CameraPicker.swift in Sources */ = {isa = PBXBuildFile; fileRef = 379399FC2FA3F10000246506 /* CameraPicker.swift */; };
		37939A042FA3F10000246506 /* BestPickHeroView.swift in Sources */ = {isa = PBXBuildFile; fileRef = 379399FD2FA3F10000246506 /* BestPickHeroView.swift */; };
		37939A052FA3F10000246506 /* CategoryHighlightsView.swift in Sources */ = {isa = PBXBuildFile; fileRef = 379399FE2FA3F10000246506 /* CategoryHighlightsView.swift */; };
/* End PBXBuildFile section */

/* Begin PBXFileReference section */
		375DE4FE2FA675A7008D4574 /* winebottle1.svg */ = {isa = PBXFileReference; lastKnownFileType = text.xml; path = winebottle1.svg; sourceTree = "<group>"; };
		375DE5EE2FAB9D92008D4574 /* Launch Screen.storyboard */ = {isa = PBXFileReference; lastKnownFileType = file.storyboard; path = "Launch Screen.storyboard"; sourceTree = "<group>"; };
		375DE5F02FAC2097008D4574 /* AGENTS.md */ = {isa = PBXFileReference; lastKnownFileType = net.daringfireball.markdown; path = AGENTS.md; sourceTree = "<group>"; };
		379399A22FA3CC7400246506 /* MainView.swift */ = {isa = PBXFileReference; lastKnownFileType = sourcecode.swift; path = MainView.swift; sourceTree = "<group>"; };
		379399A32FA3CC7400246506 /* MainViewModel.swift */ = {isa = PBXFileReference; lastKnownFileType = sourcecode.swift; path = MainViewModel.swift; sourceTree = "<group>"; };
		379399A62FA3CC7400246506 /* OnboardingView.swift */ = {isa = PBXFileReference; lastKnownFileType = sourcecode.swift; path = OnboardingView.swift; sourceTree = "<group>"; };
		379399A72FA3CC7400246506 /* OnboardingViewModel.swift */ = {isa = PBXFileReference; lastKnownFileType = sourcecode.swift; path = OnboardingViewModel.swift; sourceTree = "<group>"; };
		379399A92FA3CC7400246506 /* PaywallView.swift */ = {isa = PBXFileReference; lastKnownFileType = sourcecode.swift; path = PaywallView.swift; sourceTree = "<group>"; };
		379399AA2FA3CC7400246506 /* PLAN.md */ = {isa = PBXFileReference; lastKnownFileType = net.daringfireball.markdown; path = PLAN.md; sourceTree = "<group>"; };
		379399AB2FA3CC7400246506 /* PurchaseMode.swift */ = {isa = PBXFileReference; lastKnownFileType = sourcecode.swift; path = PurchaseMode.swift; sourceTree = "<group>"; };
		379399AC2FA3CC7400246506 /* README.md */ = {isa = PBXFileReference; lastKnownFileType = net.daringfireball.markdown; path = README.md; sourceTree = "<group>"; };
		379399AD2FA3CC7400246506 /* RecentScansView.swift */ = {isa = PBXFileReference; lastKnownFileType = sourcecode.swift; path = RecentScansView.swift; sourceTree = "<group>"; };
		379399AE2FA3CC7400246506 /* RecommendationCardView.swift */ = {isa = PBXFileReference; lastKnownFileType = sourcecode.swift; path = RecommendationCardView.swift; sourceTree = "<group>"; };
		379399B02FA3CC7400246506 /* ResultsView.swift */ = {isa = PBXFileReference; lastKnownFileType = sourcecode.swift; path = ResultsView.swift; sourceTree = "<group>"; };
		379399B22FA3CC7400246506 /* ScanFailureView.swift */ = {isa = PBXFileReference; lastKnownFileType = sourcecode.swift; path = ScanFailureView.swift; sourceTree = "<group>"; };
		379399B32FA3CC7400246506 /* ScanLoadingView.swift */ = {isa = PBXFileReference; lastKnownFileType = sourcecode.swift; path = ScanLoadingView.swift; sourceTree = "<group>"; };
		379399B42FA3CC7400246506 /* SelectedPhoto.swift */ = {isa = PBXFileReference; lastKnownFileType = sourcecode.swift; path = SelectedPhoto.swift; sourceTree = "<group>"; };
		379399C42FA3CC9800246506 /* UserWinePreferences.swift */ = {isa = PBXFileReference; lastKnownFileType = sourcecode.swift; path = UserWinePreferences.swift; sourceTree = "<group>"; };
		379399C52FA3CC9800246506 /* WineAnalysisService.swift */ = {isa = PBXFileReference; lastKnownFileType = sourcecode.swift; path = WineAnalysisService.swift; sourceTree = "<group>"; };
		379399C62FA3CC9800246506 /* WineScan.swift */ = {isa = PBXFileReference; lastKnownFileType = sourcecode.swift; path = WineScan.swift; sourceTree = "<group>"; };
		379399C72FA3CC9800246506 /* WineScanResult.swift */ = {isa = PBXFileReference; lastKnownFileType = sourcecode.swift; path = WineScanResult.swift; sourceTree = "<group>"; };
		379399CC2FA3CD3F00246506 /* AppConfiguration.swift */ = {isa = PBXFileReference; lastKnownFileType = sourcecode.swift; path = AppConfiguration.swift; sourceTree = "<group>"; };
		379399CD2FA3CD3F00246506 /* AppRoute.swift */ = {isa = PBXFileReference; lastKnownFileType = sourcecode.swift; path = AppRoute.swift; sourceTree = "<group>"; };
		379399CE2FA3CD3F00246506 /* AppRouter.swift */ = {isa = PBXFileReference; lastKnownFileType = sourcecode.swift; path = AppRouter.swift; sourceTree = "<group>"; };
		379399CF2FA3CD3F00246506 /* AppState.swift */ = {isa = PBXFileReference; lastKnownFileType = sourcecode.swift; path = AppState.swift; sourceTree = "<group>"; };
		379399D42FA3CE5600246506 /* Corkwise.app */ = {isa = PBXFileReference; explicitFileType = wrapper.application; includeInIndex = 0; path = Corkwise.app; sourceTree = BUILT_PRODUCTS_DIR; };
		379399DC2FA3CF1E00246506 /* Assets.xcassets */ = {isa = PBXFileReference; lastKnownFileType = folder.assetcatalog; path = Assets.xcassets; sourceTree = "<group>"; };
		379399DE2FA3D27500246506 /* CorkWise-Info.plist */ = {isa = PBXFileReference; lastKnownFileType = text.plist; path = "CorkWise-Info.plist"; sourceTree = "<group>"; };
		379399DF2FA3D9AE00246506 /* Color+Theme.swift */ = {isa = PBXFileReference; lastKnownFileType = sourcecode.swift; path = "Color+Theme.swift"; sourceTree = "<group>"; };
		379399E12FA4EFFE00246506 /* AllScansView.swift */ = {isa = PBXFileReference; lastKnownFileType = sourcecode.swift; path = AllScansView.swift; sourceTree = "<group>"; };
		379399E32FA4F01300246506 /* PreferencesView.swift */ = {isa = PBXFileReference; lastKnownFileType = sourcecode.swift; path = PreferencesView.swift; sourceTree = "<group>"; };
		379399F92FA3F10000246506 /* CorkWiseApp.swift */ = {isa = PBXFileReference; lastKnownFileType = sourcecode.swift; path = CorkWiseApp.swift; sourceTree = "<group>"; };
		379399FA2FA3F10000246506 /* EntitlementManager.swift */ = {isa = PBXFileReference; lastKnownFileType = sourcecode.swift; path = EntitlementManager.swift; sourceTree = "<group>"; };
		379399FB2FA3F10000246506 /* ImagePreparationService.swift */ = {isa = PBXFileReference; lastKnownFileType = sourcecode.swift; path = ImagePreparationService.swift; sourceTree = "<group>"; };
		379399FC2FA3F10000246506 /* CameraPicker.swift */ = {isa = PBXFileReference; lastKnownFileType = sourcecode.swift; path = CameraPicker.swift; sourceTree = "<group>"; };
		379399FD2FA3F10000246506 /* BestPickHeroView.swift */ = {isa = PBXFileReference; lastKnownFileType = sourcecode.swift; path = BestPickHeroView.swift; sourceTree = "<group>"; };
		379399FE2FA3F10000246506 /* CategoryHighlightsView.swift */ = {isa = PBXFileReference; lastKnownFileType = sourcecode.swift; path = CategoryHighlightsView.swift; sourceTree = "<group>"; };
/* End PBXFileReference section */

/* Begin PBXFrameworksBuildPhase section */
		3793994F2FA3CB5A00246506 /* Frameworks */ = {
			isa = PBXFrameworksBuildPhase;
			buildActionMask = 2147483647;
			files = (
				375DE5ED2FA97D83008D4574 /* Adapty in Frameworks */,
			);
			runOnlyForDeploymentPostprocessing = 0;
		};
/* End PBXFrameworksBuildPhase section */

/* Begin PBXGroup section */
		379399A42FA3CC7400246506 /* Models */ = {
			isa = PBXGroup;
			children = (
				379399AB2FA3CC7400246506 /* PurchaseMode.swift */,
				379399C42FA3CC9800246506 /* UserWinePreferences.swift */,
				379399C62FA3CC9800246506 /* WineScan.swift */,
				379399C72FA3CC9800246506 /* WineScanResult.swift */,
				379399DF2FA3D9AE00246506 /* Color+Theme.swift */,
			);
			path = Models;
			sourceTree = "<group>";
		};
		379399B52FA3CC7400246506 /* Services */ = {
			isa = PBXGroup;
			children = (
				379399CC2FA3CD3F00246506 /* AppConfiguration.swift */,
				379399FA2FA3F10000246506 /* EntitlementManager.swift */,
				379399FB2FA3F10000246506 /* ImagePreparationService.swift */,
				379399C52FA3CC9800246506 /* WineAnalysisService.swift */,
			);
			path = Services;
			sourceTree = "<group>";
		};
		379399D52FA3CE9000246506 /* App */ = {
			isa = PBXGroup;
			children = (
				379399CD2FA3CD3F00246506 /* AppRoute.swift */,
				379399CE2FA3CD3F00246506 /* AppRouter.swift */,
				379399CF2FA3CD3F00246506 /* AppState.swift */,
				379399F92FA3F10000246506 /* CorkWiseApp.swift */,
			);
			path = App;
			sourceTree = "<group>";
		};
		379399D62FA3CE9000246506 /* Features */ = {
			isa = PBXGroup;
			children = (
				379399D72FA3CE9000246506 /* Main */,
				379399D82FA3CE9000246506 /* Onboarding */,
				379399D92FA3CE9000246506 /* Paywall */,
				379399DA2FA3CE9000246506 /* Results */,
				379399DB2FA3CE9000246506 /* Scan */,
			);
			path = Features;
			sourceTree = "<group>";
		};
		379399D72FA3CE9000246506 /* Main */ = {
			isa = PBXGroup;
			children = (
				379399A22FA3CC7400246506 /* MainView.swift */,
				379399A32FA3CC7400246506 /* MainViewModel.swift */,
				379399AD2FA3CC7400246506 /* RecentScansView.swift */,
				379399E12FA4EFFE00246506 /* AllScansView.swift */,
				379399E32FA4F01300246506 /* PreferencesView.swift */,
			);
			path = Main;
			sourceTree = "<group>";
		};
		379399D82FA3CE9000246506 /* Onboarding */ = {
			isa = PBXGroup;
			children = (
				379399A62FA3CC7400246506 /* OnboardingView.swift */,
				379399A72FA3CC7400246506 /* OnboardingViewModel.swift */,
			);
			path = Onboarding;
			sourceTree = "<group>";
		};
		379399D92FA3CE9000246506 /* Paywall */ = {
			isa = PBXGroup;
			children = (
				379399A92FA3CC7400246506 /* PaywallView.swift */,
			);
			path = Paywall;
			sourceTree = "<group>";
		};
		379399DA2FA3CE9000246506 /* Results */ = {
			isa = PBXGroup;
			children = (
				379399B02FA3CC7400246506 /* ResultsView.swift */,
				379399AE2FA3CC7400246506 /* RecommendationCardView.swift */,
				379399FD2FA3F10000246506 /* BestPickHeroView.swift */,
				379399FE2FA3F10000246506 /* CategoryHighlightsView.swift */,
			);
			path = Results;
			sourceTree = "<group>";
		};
		379399DB2FA3CE9000246506 /* Scan */ = {
			isa = PBXGroup;
			children = (
				379399B22FA3CC7400246506 /* ScanFailureView.swift */,
				379399B32FA3CC7400246506 /* ScanLoadingView.swift */,
				379399B42FA3CC7400246506 /* SelectedPhoto.swift */,
				379399FC2FA3F10000246506 /* CameraPicker.swift */,
			);
			path = Scan;
			sourceTree = "<group>";
		};
		3796344A2FA3AEBC00E30EAA = {
			isa = PBXGroup;
			children = (
				375DE5F02FAC2097008D4574 /* AGENTS.md */,
				375DE5EE2FAB9D92008D4574 /* Launch Screen.storyboard */,
				379399DE2FA3D27500246506 /* CorkWise-Info.plist */,
				379399A42FA3CC7400246506 /* Models */,
				379399AA2FA3CC7400246506 /* PLAN.md */,
				379399AC2FA3CC7400246506 /* README.md */,
				379399B52FA3CC7400246506 /* Services */,
				379634542FA3AEBC00E30EAA /* Products */,
				379399D52FA3CE9000246506 /* App */,
				379399D62FA3CE9000246506 /* Features */,
				379399DC2FA3CF1E00246506 /* Assets.xcassets */,
				375DE4FE2FA675A7008D4574 /* winebottle1.svg */,
			);
			sourceTree = "<group>";
		};
		379634542FA3AEBC00E30EAA /* Products */ = {
			isa = PBXGroup;
			children = (
				379399D42FA3CE5600246506 /* Corkwise.app */,
			);
			name = Products;
			sourceTree = "<group>";
		};
/* End PBXGroup section */

/* Begin PBXNativeTarget section */
		379399512FA3CB5A00246506 /* CorkWise */ = {
			isa = PBXNativeTarget;
			buildConfigurationList = 3793995E2FA3CB5B00246506 /* Build configuration list for PBXNativeTarget "CorkWise" */;
			buildPhases = (
				3793994E2FA3CB5A00246506 /* Sources */,
				3793994F2FA3CB5A00246506 /* Frameworks */,
				379399502FA3CB5A00246506 /* Resources */,
			);
			buildRules = (
			);
			dependencies = (
			);
			name = CorkWise;
			packageProductDependencies = (
				375DE5EC2FA97D83008D4574 /* Adapty */,
			);
			productName = CorkWise;
			productReference = 379399D42FA3CE5600246506 /* Corkwise.app */;
			productType = "com.apple.product-type.application";
		};
/* End PBXNativeTarget section */

/* Begin PBXProject section */
		3796344B2FA3AEBC00E30EAA /* Project object */ = {
			isa = PBXProject;
			attributes = {
				BuildIndependentTargetsInParallel = 1;
				LastSwiftUpdateCheck = 2640;
				LastUpgradeCheck = 2640;
				TargetAttributes = {
					379399512FA3CB5A00246506 = {
						CreatedOnToolsVersion = 26.4.1;
						LastSwiftMigration = 2640;
					};
				};
			};
			buildConfigurationList = 3796344E2FA3AEBC00E30EAA /* Build configuration list for PBXProject "CorkWise" */;
			developmentRegion = en;
			hasScannedForEncodings = 0;
			knownRegions = (
				en,
				Base,
			);
			mainGroup = 3796344A2FA3AEBC00E30EAA;
			minimizedProjectReferenceProxies = 1;
			packageReferences = (
				375DE5EB2FA97D83008D4574 /* XCRemoteSwiftPackageReference "AdaptySDK-iOS" */,
			);
			preferredProjectObjectVersion = 77;
			productRefGroup = 379634542FA3AEBC00E30EAA /* Products */;
			projectDirPath = "";
			projectRoot = "";
			targets = (
				379399512FA3CB5A00246506 /* CorkWise */,
			);
		};
/* End PBXProject section */

/* Begin PBXResourcesBuildPhase section */
		379399502FA3CB5A00246506 /* Resources */ = {
			isa = PBXResourcesBuildPhase;
			buildActionMask = 2147483647;
			files = (
				375DE5EF2FAB9D92008D4574 /* Launch Screen.storyboard in Resources */,
				379399B62FA3CC7400246506 /* PLAN.md in Resources */,
				379399DD2FA3CF1E00246506 /* Assets.xcassets in Resources */,
				379399B72FA3CC7400246506 /* README.md in Resources */,
				375DE5232FA68901008D4574 /* CorkWise-Info.plist in Resources */,
				375DE4FF2FA675A7008D4574 /* winebottle1.svg in Resources */,
			);
			runOnlyForDeploymentPostprocessing = 0;
		};
/* End PBXResourcesBuildPhase section */

/* Begin PBXSourcesBuildPhase section */
		3793994E2FA3CB5A00246506 /* Sources */ = {
			isa = PBXSourcesBuildPhase;
			buildActionMask = 2147483647;
			files = (
				379399B82FA3CC7400246506 /* ScanFailureView.swift in Sources */,
				379399B92FA3CC7400246506 /* OnboardingView.swift in Sources */,
				379399BA2FA3CC7400246506 /* SelectedPhoto.swift in Sources */,
				379399BB2FA3CC7400246506 /* OnboardingViewModel.swift in Sources */,
				379399BC2FA3CC7400246506 /* ResultsView.swift in Sources */,
				379399BD2FA3CC7400246506 /* PaywallView.swift in Sources */,
				379399BE2FA3CC7400246506 /* MainView.swift in Sources */,
				379399BF2FA3CC7400246506 /* PurchaseMode.swift in Sources */,
				379399C82FA3CC9800246506 /* WineScanResult.swift in Sources */,
				379399C92FA3CC9800246506 /* UserWinePreferences.swift in Sources */,
				379399D02FA3CD3F00246506 /* AppRoute.swift in Sources */,
				379399D12FA3CD3F00246506 /* AppConfiguration.swift in Sources */,
				379399E02FA3D9AE00246506 /* Color+Theme.swift in Sources */,
				379399E22FA4EFFE00246506 /* AllScansView.swift in Sources */,
				379399D22FA3CD3F00246506 /* AppState.swift in Sources */,
				379399D32FA3CD3F00246506 /* AppRouter.swift in Sources */,
				37939A002FA3F10000246506 /* CorkWiseApp.swift in Sources */,
				37939A012FA3F10000246506 /* EntitlementManager.swift in Sources */,
				37939A022FA3F10000246506 /* ImagePreparationService.swift in Sources */,
				37939A032FA3F10000246506 /* CameraPicker.swift in Sources */,
				37939A042FA3F10000246506 /* BestPickHeroView.swift in Sources */,
				37939A052FA3F10000246506 /* CategoryHighlightsView.swift in Sources */,
				379399CA2FA3CC9800246506 /* WineAnalysisService.swift in Sources */,
				379399E42FA4F01300246506 /* PreferencesView.swift in Sources */,
				379399CB2FA3CC9800246506 /* WineScan.swift in Sources */,
				379399C02FA3CC7400246506 /* ScanLoadingView.swift in Sources */,
				379399C12FA3CC7400246506 /* RecommendationCardView.swift in Sources */,
				379399C22FA3CC7400246506 /* MainViewModel.swift in Sources */,
				379399C32FA3CC7400246506 /* RecentScansView.swift in Sources */,
			);
			runOnlyForDeploymentPostprocessing = 0;
		};
/* End PBXSourcesBuildPhase section */

/* Begin XCBuildConfiguration section */
		3793995C2FA3CB5B00246506 /* Debug */ = {
			isa = XCBuildConfiguration;
			buildSettings = {
				ASSETCATALOG_COMPILER_APPICON_NAME = AppIcon;
				ASSETCATALOG_COMPILER_GLOBAL_ACCENT_COLOR_NAME = AccentColor;
				CLANG_ENABLE_MODULES = YES;
				CODE_SIGN_STYLE = Automatic;
				CURRENT_PROJECT_VERSION = 1;
				DEVELOPMENT_TEAM = 6SZ57G9BS7;
				ENABLE_PREVIEWS = YES;
				GENERATE_INFOPLIST_FILE = YES;
				INFOPLIST_FILE = "CorkWise-Info.plist";
				INFOPLIST_KEY_CFBundleDisplayName = Corkwise;
				INFOPLIST_KEY_LSApplicationCategoryType = "public.app-category.food-and-drink";
				INFOPLIST_KEY_NSCameraUsageDescription = "Cork​wise uses the camera to scan restaurant wine lists.";
				INFOPLIST_KEY_NSMainCameraUsageDescription = "Cork​wise uses the camera to scan restaurant wine lists.";
				INFOPLIST_KEY_UIApplicationSceneManifest_Generation = YES;
				INFOPLIST_KEY_UIApplicationSupportsIndirectInputEvents = YES;
				INFOPLIST_KEY_UILaunchStoryboardName = "Launch Screen";
				INFOPLIST_KEY_UISupportedInterfaceOrientations_iPad = "UIInterfaceOrientationPortrait UIInterfaceOrientationPortraitUpsideDown UIInterfaceOrientationLandscapeLeft UIInterfaceOrientationLandscapeRight";
				INFOPLIST_KEY_UISupportedInterfaceOrientations_iPhone = "UIInterfaceOrientationPortrait UIInterfaceOrientationLandscapeLeft UIInterfaceOrientationLandscapeRight";
				LD_RUNPATH_SEARCH_PATHS = (
					"$(inherited)",
					"@executable_path/Frameworks",
				);
				MARKETING_VERSION = 1.0;
				PRODUCT_BUNDLE_IDENTIFIER = com.getcorkwise.CorkWise;
				PRODUCT_NAME = Corkwise;
				STRING_CATALOG_GENERATE_SYMBOLS = YES;
				SWIFT_APPROACHABLE_CONCURRENCY = YES;
				SWIFT_DEFAULT_ACTOR_ISOLATION = MainActor;
				SWIFT_EMIT_LOC_STRINGS = YES;
				SWIFT_OPTIMIZATION_LEVEL = "-Onone";
				SWIFT_UPCOMING_FEATURE_MEMBER_IMPORT_VISIBILITY = YES;
				SWIFT_VERSION = 5.0;
				TARGETED_DEVICE_FAMILY = "1,2";
			};
			name = Debug;
		};
		3793995D2FA3CB5B00246506 /* Release */ = {
			isa = XCBuildConfiguration;
			buildSettings = {
				ASSETCATALOG_COMPILER_APPICON_NAME = AppIcon;
				ASSETCATALOG_COMPILER_GLOBAL_ACCENT_COLOR_NAME = AccentColor;
				CLANG_ENABLE_MODULES = YES;
				CODE_SIGN_STYLE = Automatic;
				CURRENT_PROJECT_VERSION = 1;
				DEVELOPMENT_TEAM = 6SZ57G9BS7;
				ENABLE_PREVIEWS = YES;
				GENERATE_INFOPLIST_FILE = YES;
				INFOPLIST_FILE = "CorkWise-Info.plist";
				INFOPLIST_KEY_CFBundleDisplayName = Corkwise;
				INFOPLIST_KEY_LSApplicationCategoryType = "public.app-category.food-and-drink";
				INFOPLIST_KEY_NSCameraUsageDescription = "Cork​wise uses the camera to scan restaurant wine lists.";
				INFOPLIST_KEY_NSMainCameraUsageDescription = "Cork​wise uses the camera to scan restaurant wine lists.";
				INFOPLIST_KEY_UIApplicationSceneManifest_Generation = YES;
				INFOPLIST_KEY_UIApplicationSupportsIndirectInputEvents = YES;
				INFOPLIST_KEY_UILaunchStoryboardName = "Launch Screen";
				INFOPLIST_KEY_UISupportedInterfaceOrientations_iPad = "UIInterfaceOrientationPortrait UIInterfaceOrientationPortraitUpsideDown UIInterfaceOrientationLandscapeLeft UIInterfaceOrientationLandscapeRight";
				INFOPLIST_KEY_UISupportedInterfaceOrientations_iPhone = "UIInterfaceOrientationPortrait UIInterfaceOrientationLandscapeLeft UIInterfaceOrientationLandscapeRight";
				LD_RUNPATH_SEARCH_PATHS = (
					"$(inherited)",
					"@executable_path/Frameworks",
				);
				MARKETING_VERSION = 1.0;
				PRODUCT_BUNDLE_IDENTIFIER = com.getcorkwise.CorkWise;
				PRODUCT_NAME = Corkwise;
				STRING_CATALOG_GENERATE_SYMBOLS = YES;
				SWIFT_APPROACHABLE_CONCURRENCY = YES;
				SWIFT_DEFAULT_ACTOR_ISOLATION = MainActor;
				SWIFT_EMIT_LOC_STRINGS = YES;
				SWIFT_UPCOMING_FEATURE_MEMBER_IMPORT_VISIBILITY = YES;
				SWIFT_VERSION = 5.0;
				TARGETED_DEVICE_FAMILY = "1,2";
			};
			name = Release;
		};
		3796345E2FA3AEBE00E30EAA /* Debug */ = {
			isa = XCBuildConfiguration;
			buildSettings = {
				ALWAYS_SEARCH_USER_PATHS = NO;
				ASSETCATALOG_COMPILER_GENERATE_SWIFT_ASSET_SYMBOL_EXTENSIONS = YES;
				CLANG_ANALYZER_NONNULL = YES;
				CLANG_ANALYZER_NUMBER_OBJECT_CONVERSION = YES_AGGRESSIVE;
				CLANG_CXX_LANGUAGE_STANDARD = "gnu++20";
				CLANG_ENABLE_MODULES = YES;
				CLANG_ENABLE_OBJC_ARC = YES;
				CLANG_ENABLE_OBJC_WEAK = YES;
				CLANG_WARN_BLOCK_CAPTURE_AUTORELEASING = YES;
				CLANG_WARN_BOOL_CONVERSION = YES;
				CLANG_WARN_COMMA = YES;
				CLANG_WARN_CONSTANT_CONVERSION = YES;
				CLANG_WARN_DEPRECATED_OBJC_IMPLEMENTATIONS = YES;
				CLANG_WARN_DIRECT_OBJC_ISA_USAGE = YES_ERROR;
				CLANG_WARN_DOCUMENTATION_COMMENTS = YES;
				CLANG_WARN_EMPTY_BODY = YES;
				CLANG_WARN_ENUM_CONVERSION = YES;
				CLANG_WARN_INFINITE_RECURSION = YES;
				CLANG_WARN_INT_CONVERSION = YES;
				CLANG_WARN_NON_LITERAL_NULL_CONVERSION = YES;
				CLANG_WARN_OBJC_IMPLICIT_RETAIN_SELF = YES;
				CLANG_WARN_OBJC_LITERAL_CONVERSION = YES;
				CLANG_WARN_OBJC_ROOT_CLASS = YES_ERROR;
				CLANG_WARN_QUOTED_INCLUDE_IN_FRAMEWORK_HEADER = YES;
				CLANG_WARN_RANGE_LOOP_ANALYSIS = YES;
				CLANG_WARN_STRICT_PROTOTYPES = YES;
				CLANG_WARN_SUSPICIOUS_MOVE = YES;
				CLANG_WARN_UNGUARDED_AVAILABILITY = YES_AGGRESSIVE;
				CLANG_WARN_UNREACHABLE_CODE = YES;
				CLANG_WARN__DUPLICATE_METHOD_MATCH = YES;
				COPY_PHASE_STRIP = NO;
				DEBUG_INFORMATION_FORMAT = dwarf;
				DEVELOPMENT_TEAM = 6SZ57G9BS7;
				ENABLE_STRICT_OBJC_MSGSEND = YES;
				ENABLE_TESTABILITY = YES;
				ENABLE_USER_SCRIPT_SANDBOXING = YES;
				GCC_C_LANGUAGE_STANDARD = gnu17;
				GCC_DYNAMIC_NO_PIC = NO;
				GCC_NO_COMMON_BLOCKS = YES;
				GCC_OPTIMIZATION_LEVEL = 0;
				GCC_PREPROCESSOR_DEFINITIONS = (
					"DEBUG=1",
					"$(inherited)",
				);
				GCC_WARN_64_TO_32_BIT_CONVERSION = YES;
				GCC_WARN_ABOUT_RETURN_TYPE = YES_ERROR;
				GCC_WARN_UNDECLARED_SELECTOR = YES;
				GCC_WARN_UNINITIALIZED_AUTOS = YES_AGGRESSIVE;
				GCC_WARN_UNUSED_FUNCTION = YES;
				GCC_WARN_UNUSED_VARIABLE = YES;
				IPHONEOS_DEPLOYMENT_TARGET = 26.4;
				LOCALIZATION_PREFERS_STRING_CATALOGS = YES;
				MTL_ENABLE_DEBUG_INFO = INCLUDE_SOURCE;
				MTL_FAST_MATH = YES;
				ONLY_ACTIVE_ARCH = YES;
				SDKROOT = iphoneos;
				SWIFT_ACTIVE_COMPILATION_CONDITIONS = "DEBUG $(inherited)";
				SWIFT_OPTIMIZATION_LEVEL = "-Onone";
			};
			name = Debug;
		};
		3796345F2FA3AEBE00E30EAA /* Release */ = {
			isa = XCBuildConfiguration;
			buildSettings = {
				ALWAYS_SEARCH_USER_PATHS = NO;
				ASSETCATALOG_COMPILER_GENERATE_SWIFT_ASSET_SYMBOL_EXTENSIONS = YES;
				CLANG_ANALYZER_NONNULL = YES;
				CLANG_ANALYZER_NUMBER_OBJECT_CONVERSION = YES_AGGRESSIVE;
				CLANG_CXX_LANGUAGE_STANDARD = "gnu++20";
				CLANG_ENABLE_MODULES = YES;
				CLANG_ENABLE_OBJC_ARC = YES;
				CLANG_ENABLE_OBJC_WEAK = YES;
				CLANG_WARN_BLOCK_CAPTURE_AUTORELEASING = YES;
				CLANG_WARN_BOOL_CONVERSION = YES;
				CLANG_WARN_COMMA = YES;
				CLANG_WARN_CONSTANT_CONVERSION = YES;
				CLANG_WARN_DEPRECATED_OBJC_IMPLEMENTATIONS = YES;
				CLANG_WARN_DIRECT_OBJC_ISA_USAGE = YES_ERROR;
				CLANG_WARN_DOCUMENTATION_COMMENTS = YES;
				CLANG_WARN_EMPTY_BODY = YES;
				CLANG_WARN_ENUM_CONVERSION = YES;
				CLANG_WARN_INFINITE_RECURSION = YES;
				CLANG_WARN_INT_CONVERSION = YES;
				CLANG_WARN_NON_LITERAL_NULL_CONVERSION = YES;
				CLANG_WARN_OBJC_IMPLICIT_RETAIN_SELF = YES;
				CLANG_WARN_OBJC_LITERAL_CONVERSION = YES;
				CLANG_WARN_OBJC_ROOT_CLASS = YES_ERROR;
				CLANG_WARN_QUOTED_INCLUDE_IN_FRAMEWORK_HEADER = YES;
				CLANG_WARN_RANGE_LOOP_ANALYSIS = YES;
				CLANG_WARN_STRICT_PROTOTYPES = YES;
				CLANG_WARN_SUSPICIOUS_MOVE = YES;
				CLANG_WARN_UNGUARDED_AVAILABILITY = YES_AGGRESSIVE;
				CLANG_WARN_UNREACHABLE_CODE = YES;
				CLANG_WARN__DUPLICATE_METHOD_MATCH = YES;
				COPY_PHASE_STRIP = NO;
				DEBUG_INFORMATION_FORMAT = "dwarf-with-dsym";
				DEVELOPMENT_TEAM = 6SZ57G9BS7;
				ENABLE_NS_ASSERTIONS = NO;
				ENABLE_STRICT_OBJC_MSGSEND = YES;
				ENABLE_USER_SCRIPT_SANDBOXING = YES;
				GCC_C_LANGUAGE_STANDARD = gnu17;
				GCC_NO_COMMON_BLOCKS = YES;
				GCC_WARN_64_TO_32_BIT_CONVERSION = YES;
				GCC_WARN_ABOUT_RETURN_TYPE = YES_ERROR;
				GCC_WARN_UNDECLARED_SELECTOR = YES;
				GCC_WARN_UNINITIALIZED_AUTOS = YES_AGGRESSIVE;
				GCC_WARN_UNUSED_FUNCTION = YES;
				GCC_WARN_UNUSED_VARIABLE = YES;
				IPHONEOS_DEPLOYMENT_TARGET = 26.4;
				LOCALIZATION_PREFERS_STRING_CATALOGS = YES;
				MTL_ENABLE_DEBUG_INFO = NO;
				MTL_FAST_MATH = YES;
				SDKROOT = iphoneos;
				SWIFT_COMPILATION_MODE = wholemodule;
				VALIDATE_PRODUCT = YES;
			};
			name = Release;
		};
/* End XCBuildConfiguration section */

/* Begin XCConfigurationList section */
		3793995E2FA3CB5B00246506 /* Build configuration list for PBXNativeTarget "CorkWise" */ = {
			isa = XCConfigurationList;
			buildConfigurations = (
				3793995C2FA3CB5B00246506 /* Debug */,
				3793995D2FA3CB5B00246506 /* Release */,
			);
			defaultConfigurationIsVisible = 0;
			defaultConfigurationName = Release;
		};
		3796344E2FA3AEBC00E30EAA /* Build configuration list for PBXProject "CorkWise" */ = {
			isa = XCConfigurationList;
			buildConfigurations = (
				3796345E2FA3AEBE00E30EAA /* Debug */,
				3796345F2FA3AEBE00E30EAA /* Release */,
			);
			defaultConfigurationIsVisible = 0;
			defaultConfigurationName = Release;
		};
/* End XCConfigurationList section */

/* Begin XCRemoteSwiftPackageReference section */
		375DE5EB2FA97D83008D4574 /* XCRemoteSwiftPackageReference "AdaptySDK-iOS" */ = {
			isa = XCRemoteSwiftPackageReference;
			repositoryURL = "https://github.com/adaptyteam/AdaptySDK-iOS.git";
			requirement = {
				kind = upToNextMajorVersion;
				minimumVersion = 3.15.7;
			};
		};
/* End XCRemoteSwiftPackageReference section */

/* Begin XCSwiftPackageProductDependency section */
		375DE5EC2FA97D83008D4574 /* Adapty */ = {
			isa = XCSwiftPackageProductDependency;
			package = 375DE5EB2FA97D83008D4574 /* XCRemoteSwiftPackageReference "AdaptySDK-iOS" */;
			productName = Adapty;
		};
/* End XCSwiftPackageProductDependency section */
	};
	rootObject = 3796344B2FA3AEBC00E30EAA /* Project object */;
}
