{
  "originHash" : "669e39cee4b9a959079c644a4b709931519220e990aef01ed70964c38e5631c3",
  "pins" : [
    {
      "identity" : "adaptysdk-ios",
      "kind" : "remoteSourceControl",
      "location" : "https://github.com/adaptyteam/AdaptySDK-iOS.git",
      "state" : {
        "revision" : "b751c42bccb04c97bcb6bab29a06571e4098a9f1",
        "version" : "3.15.7"
      }
    }
  ],
  "version" : 3
}
